
Microsoft Visual Studio Solution File, Format Version 12.00
# Visual Studio Version 17
VisualStudioVersion = 17.0.31912.275
MinimumVisualStudioVersion = 10.0.40219.1
Project("{9A19103F-16F7-4668-BE54-9A1E7A4F7556}") = "Teste.Desenvolvimento.Api", "teste_desenvolvimento\Teste.Desenvolvimento.Api.csproj", "{F232BFB4-A272-4DDE-BF8A-63E5DBBAD2DD}"
EndProject
Project("{9A19103F-16F7-4668-BE54-9A1E7A4F7556}") = "Teste.Desenvolvimento.Domain", "Teste Desenvolvimento Domain\Teste.Desenvolvimento.Domain.csproj", "{1C744FD5-130E-4568-9138-03C9E6323C6F}"
EndProject
Project("{9A19103F-16F7-4668-BE54-9A1E7A4F7556}") = "Teste.Desenvolvimento.Infra", "Teste Desenvolvimento Infra\Teste.Desenvolvimento.Infra.csproj", "{FB9FBD8B-DBFA-44A6-92AB-3EF7DC03B18E}"
EndProject
Project("{9A19103F-16F7-4668-BE54-9A1E7A4F7556}") = "Teste.Desenvolvimento.Shared", "Shared\Teste.Desenvolvimento.Shared.csproj", "{64F57F61-B213-4A34-AB5B-5CBF82AFC8B7}"
EndProject
Global
	GlobalSection(SolutionConfigurationPlatforms) = preSolution
		Debug|Any CPU = Debug|Any CPU
		Release|Any CPU = Release|Any CPU
	EndGlobalSection
	GlobalSection(ProjectConfigurationPlatforms) = postSolution
		{F232BFB4-A272-4DDE-BF8A-63E5DBBAD2DD}.Debug|Any CPU.ActiveCfg = Debug|Any CPU
		{F232BFB4-A272-4DDE-BF8A-63E5DBBAD2DD}.Debug|Any CPU.Build.0 = Debug|Any CPU
		{F232BFB4-A272-4DDE-BF8A-63E5DBBAD2DD}.Release|Any CPU.ActiveCfg = Release|Any CPU
		{F232BFB4-A272-4DDE-BF8A-63E5DBBAD2DD}.Release|Any CPU.Build.0 = Release|Any CPU
		{1C744FD5-130E-4568-9138-03C9E6323C6F}.Debug|Any CPU.ActiveCfg = Debug|Any CPU
		{1C744FD5-130E-4568-9138-03C9E6323C6F}.Debug|Any CPU.Build.0 = Debug|Any CPU
		{1C744FD5-130E-4568-9138-03C9E6323C6F}.Release|Any CPU.ActiveCfg = Release|Any CPU
		{1C744FD5-130E-4568-9138-03C9E6323C6F}.Release|Any CPU.Build.0 = Release|Any CPU
		{FB9FBD8B-DBFA-44A6-92AB-3EF7DC03B18E}.Debug|Any CPU.ActiveCfg = Debug|Any CPU
		{FB9FBD8B-DBFA-44A6-92AB-3EF7DC03B18E}.Debug|Any CPU.Build.0 = Debug|Any CPU
		{FB9FBD8B-DBFA-44A6-92AB-3EF7DC03B18E}.Release|Any CPU.ActiveCfg = Release|Any CPU
		{FB9FBD8B-DBFA-44A6-92AB-3EF7DC03B18E}.Release|Any CPU.Build.0 = Release|Any CPU
		{64F57F61-B213-4A34-AB5B-5CBF82AFC8B7}.Debug|Any CPU.ActiveCfg = Debug|Any CPU
		{64F57F61-B213-4A34-AB5B-5CBF82AFC8B7}.Debug|Any CPU.Build.0 = Debug|Any CPU
		{64F57F61-B213-4A34-AB5B-5CBF82AFC8B7}.Release|Any CPU.ActiveCfg = Release|Any CPU
		{64F57F61-B213-4A34-AB5B-5CBF82AFC8B7}.Release|Any CPU.Build.0 = Release|Any CPU
	EndGlobalSection
	GlobalSection(SolutionProperties) = preSolution
		HideSolutionNode = FALSE
	EndGlobalSection
	GlobalSection(ExtensibilityGlobals) = postSolution
		SolutionGuid = {A9E84775-029A-4DA1-BF58-26C87942AEE3}
	EndGlobalSection
EndGlobal
